
Microsoft Visual Studio Solution File, Format Version 12.00
Project("{FAE04EC0-301F-11D3-BF4B-00C04F79EFBC}") = "Instrux.Application", "Instrux.Application\Instrux.Application.csproj", "{69E678B7-D688-4BD1-8B3C-66F8E8B05590}"
EndProject
Project("{FAE04EC0-301F-11D3-BF4B-00C04F79EFBC}") = "Instrux.Domain", "Instrux.Domain\Instrux.Domain.csproj", "{E40BCA93-0E4A-488A-8B2B-BA2E2BF1FAF8}"
EndProject
Project("{FAE04EC0-301F-11D3-BF4B-00C04F79EFBC}") = "Instrux.Infrastructure", "Instrux.Infrastructure\Instrux.Infrastructure.csproj", "{CDDFE7AA-4A75-4077-B9B0-64EECD9C5554}"
EndProject
Project("{FAE04EC0-301F-11D3-BF4B-00C04F79EFBC}") = "Instrux.Services", "Instrux.Services\Instrux.Services.csproj", "{334D8B51-93A1-47E5-B18C-F7299459099E}"
EndProject
Project("{FAE04EC0-301F-11D3-BF4B-00C04F79EFBC}") = "Instrux.Tests", "Instrux.Tests\Instrux.Tests.csproj", "{CBFF060D-E047-43A5-B340-B5968A399A4F}"
EndProject
Global
	GlobalSection(SolutionConfigurationPlatforms) = preSolution
		Debug|Any CPU = Debug|Any CPU
		Debug|x64 = Debug|x64
		Debug|x86 = Debug|x86
		Release|Any CPU = Release|Any CPU
		Release|x64 = Release|x64
		Release|x86 = Release|x86
	EndGlobalSection
	GlobalSection(ProjectConfigurationPlatforms) = postSolution
		{69E678B7-D688-4BD1-8B3C-66F8E8B05590}.Debug|Any CPU.ActiveCfg = Debug|Any CPU
		{69E678B7-D688-4BD1-8B3C-66F8E8B05590}.Debug|Any CPU.Build.0 = Debug|Any CPU
		{69E678B7-D688-4BD1-8B3C-66F8E8B05590}.Debug|x64.ActiveCfg = Debug|Any CPU
		{69E678B7-D688-4BD1-8B3C-66F8E8B05590}.Debug|x64.Build.0 = Debug|Any CPU
		{69E678B7-D688-4BD1-8B3C-66F8E8B05590}.Debug|x86.ActiveCfg = Debug|Any CPU
		{69E678B7-D688-4BD1-8B3C-66F8E8B05590}.Debug|x86.Build.0 = Debug|Any CPU
		{69E678B7-D688-4BD1-8B3C-66F8E8B05590}.Release|Any CPU.ActiveCfg = Release|Any CPU
		{69E678B7-D688-4BD1-8B3C-66F8E8B05590}.Release|Any CPU.Build.0 = Release|Any CPU
		{69E678B7-D688-4BD1-8B3C-66F8E8B05590}.Release|x64.ActiveCfg = Release|Any CPU
		{69E678B7-D688-4BD1-8B3C-66F8E8B05590}.Release|x64.Build.0 = Release|Any CPU
		{69E678B7-D688-4BD1-8B3C-66F8E8B05590}.Release|x86.ActiveCfg = Release|Any CPU
		{69E678B7-D688-4BD1-8B3C-66F8E8B05590}.Release|x86.Build.0 = Release|Any CPU
		{E40BCA93-0E4A-488A-8B2B-BA2E2BF1FAF8}.Debug|Any CPU.ActiveCfg = Debug|Any CPU
		{E40BCA93-0E4A-488A-8B2B-BA2E2BF1FAF8}.Debug|Any CPU.Build.0 = Debug|Any CPU
		{E40BCA93-0E4A-488A-8B2B-BA2E2BF1FAF8}.Debug|x64.ActiveCfg = Debug|Any CPU
		{E40BCA93-0E4A-488A-8B2B-BA2E2BF1FAF8}.Debug|x64.Build.0 = Debug|Any CPU
		{E40BCA93-0E4A-488A-8B2B-BA2E2BF1FAF8}.Debug|x86.ActiveCfg = Debug|Any CPU
		{E40BCA93-0E4A-488A-8B2B-BA2E2BF1FAF8}.Debug|x86.Build.0 = Debug|Any CPU
		{E40BCA93-0E4A-488A-8B2B-BA2E2BF1FAF8}.Release|Any CPU.ActiveCfg = Release|Any CPU
		{E40BCA93-0E4A-488A-8B2B-BA2E2BF1FAF8}.Release|Any CPU.Build.0 = Release|Any CPU
		{E40BCA93-0E4A-488A-8B2B-BA2E2BF1FAF8}.Release|x64.ActiveCfg = Release|Any CPU
		{E40BCA93-0E4A-488A-8B2B-BA2E2BF1FAF8}.Release|x64.Build.0 = Release|Any CPU
		{E40BCA93-0E4A-488A-8B2B-BA2E2BF1FAF8}.Release|x86.ActiveCfg = Release|Any CPU
		{E40BCA93-0E4A-488A-8B2B-BA2E2BF1FAF8}.Release|x86.Build.0 = Release|Any CPU
		{CDDFE7AA-4A75-4077-B9B0-64EECD9C5554}.Debug|Any CPU.ActiveCfg = Debug|Any CPU
		{CDDFE7AA-4A75-4077-B9B0-64EECD9C5554}.Debug|Any CPU.Build.0 = Debug|Any CPU
		{CDDFE7AA-4A75-4077-B9B0-64EECD9C5554}.Debug|x64.ActiveCfg = Debug|Any CPU
		{CDDFE7AA-4A75-4077-B9B0-64EECD9C5554}.Debug|x64.Build.0 = Debug|Any CPU
		{CDDFE7AA-4A75-4077-B9B0-64EECD9C5554}.Debug|x86.ActiveCfg = Debug|Any CPU
		{CDDFE7AA-4A75-4077-B9B0-64EECD9C5554}.Debug|x86.Build.0 = Debug|Any CPU
		{CDDFE7AA-4A75-4077-B9B0-64EECD9C5554}.Release|Any CPU.ActiveCfg = Release|Any CPU
		{CDDFE7AA-4A75-4077-B9B0-64EECD9C5554}.Release|Any CPU.Build.0 = Release|Any CPU
		{CDDFE7AA-4A75-4077-B9B0-64EECD9C5554}.Release|x64.ActiveCfg = Release|Any CPU
		{CDDFE7AA-4A75-4077-B9B0-64EECD9C5554}.Release|x64.Build.0 = Release|Any CPU
		{CDDFE7AA-4A75-4077-B9B0-64EECD9C5554}.Release|x86.ActiveCfg = Release|Any CPU
		{CDDFE7AA-4A75-4077-B9B0-64EECD9C5554}.Release|x86.Build.0 = Release|Any CPU
		{334D8B51-93A1-47E5-B18C-F7299459099E}.Debug|Any CPU.ActiveCfg = Debug|Any CPU
		{334D8B51-93A1-47E5-B18C-F7299459099E}.Debug|Any CPU.Build.0 = Debug|Any CPU
		{334D8B51-93A1-47E5-B18C-F7299459099E}.Debug|x64.ActiveCfg = Debug|Any CPU
		{334D8B51-93A1-47E5-B18C-F7299459099E}.Debug|x64.Build.0 = Debug|Any CPU
		{334D8B51-93A1-47E5-B18C-F7299459099E}.Debug|x86.ActiveCfg = Debug|Any CPU
		{334D8B51-93A1-47E5-B18C-F7299459099E}.Debug|x86.Build.0 = Debug|Any CPU
		{334D8B51-93A1-47E5-B18C-F7299459099E}.Release|Any CPU.ActiveCfg = Release|Any CPU
		{334D8B51-93A1-47E5-B18C-F7299459099E}.Release|Any CPU.Build.0 = Release|Any CPU
		{334D8B51-93A1-47E5-B18C-F7299459099E}.Release|x64.ActiveCfg = Release|Any CPU
		{334D8B51-93A1-47E5-B18C-F7299459099E}.Release|x64.Build.0 = Release|Any CPU
		{334D8B51-93A1-47E5-B18C-F7299459099E}.Release|x86.ActiveCfg = Release|Any CPU
		{334D8B51-93A1-47E5-B18C-F7299459099E}.Release|x86.Build.0 = Release|Any CPU
		{CBFF060D-E047-43A5-B340-B5968A399A4F}.Debug|Any CPU.ActiveCfg = Debug|Any CPU
		{CBFF060D-E047-43A5-B340-B5968A399A4F}.Debug|Any CPU.Build.0 = Debug|Any CPU
		{CBFF060D-E047-43A5-B340-B5968A399A4F}.Debug|x64.ActiveCfg = Debug|Any CPU
		{CBFF060D-E047-43A5-B340-B5968A399A4F}.Debug|x64.Build.0 = Debug|Any CPU
		{CBFF060D-E047-43A5-B340-B5968A399A4F}.Debug|x86.ActiveCfg = Debug|Any CPU
		{CBFF060D-E047-43A5-B340-B5968A399A4F}.Debug|x86.Build.0 = Debug|Any CPU
		{CBFF060D-E047-43A5-B340-B5968A399A4F}.Release|Any CPU.ActiveCfg = Release|Any CPU
		{CBFF060D-E047-43A5-B340-B5968A399A4F}.Release|Any CPU.Build.0 = Release|Any CPU
		{CBFF060D-E047-43A5-B340-B5968A399A4F}.Release|x64.ActiveCfg = Release|Any CPU
		{CBFF060D-E047-43A5-B340-B5968A399A4F}.Release|x64.Build.0 = Release|Any CPU
		{CBFF060D-E047-43A5-B340-B5968A399A4F}.Release|x86.ActiveCfg = Release|Any CPU
		{CBFF060D-E047-43A5-B340-B5968A399A4F}.Release|x86.Build.0 = Release|Any CPU
	EndGlobalSection
	GlobalSection(SolutionProperties) = preSolution
		HideSolutionNode = FALSE
	EndGlobalSection
EndGlobal
